// !$*UTF8*$!
{
	archiveVersion = 1;
	classes = {
	};
	objectVersion = 46;
	objects = {

/* Begin PBXBuildFile section */
		F886029B1E41997300F5F39C /* AppDelegate.swift in Sources */ = {isa = PBXBuildFile; fileRef = F886029A1E41997300F5F39C /* AppDelegate.swift */; };
		F886029D1E41997300F5F39C /* ViewController.swift in Sources */ = {isa = PBXBuildFile; fileRef = F886029C1E41997300F5F39C /* ViewController.swift */; };
		F88602A01E41997300F5F39C /* Main.storyboard in Resources */ = {isa = PBXBuildFile; fileRef = F886029E1E41997300F5F39C /* Main.storyboard */; };
		F88602A21E41997300F5F39C /* Assets.xcassets in Resources */ = {isa = PBXBuildFile; fileRef = F88602A11E41997300F5F39C /* Assets.xcassets */; };
		F88602A51E41997300F5F39C /* LaunchScreen.storyboard in Resources */ = {isa = PBXBuildFile; fileRef = F88602A31E41997300F5F39C /* LaunchScreen.storyboard */; };
/* End PBXBuildFile section */

/* Begin PBXFileReference section */
		F88602971E41997300F5F39C /* Destroy The World.app */ = {isa = PBXFileReference; explicitFileType = wrapper.application; includeInIndex = 0; path = "Destroy The World.app"; sourceTree = BUILT_PRODUCTS_DIR; };
		F886029A1E41997300F5F39C /* AppDelegate.swift */ = {isa = PBXFileReference; lastKnownFileType = sourcecode.swift; path = AppDelegate.swift; sourceTree = "<group>"; };
		F886029C1E41997300F5F39C /* ViewController.swift */ = {isa = PBXFileReference; lastKnownFileType = sourcecode.swift; path = ViewController.swift; sourceTree = "<group>"; };
		F886029F1E41997300F5F39C /* Base */ = {isa = PBXFileReference; lastKnownFileType = file.storyboard; name = Base; path = Base.lproj/Main.storyboard; sourceTree = "<group>"; };
		F88602A11E41997300F5F39C /* Assets.xcassets */ = {isa = PBXFileReference; lastKnownFileType = folder.assetcatalog; path = Assets.xcassets; sourceTree = "<group>"; };
		F88602A41E41997300F5F39C /* Base */ = {isa = PBXFileReference; lastKnownFileType = file.storyboard; name = Base; path = Base.lproj/LaunchScreen.storyboard; sourceTree = "<group>"; };
		F88602A61E41997300F5F39C /* Info.plist */ = {isa = PBXFileReference; lastKnownFileType = text.plist.xml; path = Info.plist; sourceTree = "<group>"; };
/* End PBXFileReference section */

/* Begin PBXFrameworksBuildPhase section */
		F88602941E41997300F5F39C /* Frameworks */ = {
			isa = PBXFrameworksBuildPhase;
			buildActionMask = 2147483647;
			files = (
			);
			runOnlyForDeploymentPostprocessing = 0;
		};
/* End PBXFrameworksBuildPhase section */

/* Begin PBXGroup section */
		F886028E1E41997300F5F39C = {
			isa = PBXGroup;
			children = (
				F88602991E41997300F5F39C /* Destroy The World */,
				F88602981E41997300F5F39C /* Products */,
			);
			sourceTree = "<group>";
		};
		F88602981E41997300F5F39C /* Products */ = {
			isa = PBXGroup;
			children = (
				F88602971E41997300F5F39C /* Destroy The World.app */,
			);
			name = Products;
			sourceTree = "<group>";
		};
		F88602991E41997300F5F39C /* Destroy The World */ = {
			isa = PBXGroup;
			children = (
				F886029A1E41997300F5F39C /* AppDelegate.swift */,
				F886029C1E41997300F5F39C /* ViewController.swift */,
				F886029E1E41997300F5F39C /* Main.storyboard */,
				F88602A11E41997300F5F39C /* Assets.xcassets */,
				F88602A31E41997300F5F39C /* LaunchScreen.storyboard */,
				F88602A61E41997300F5F39C /* Info.plist */,
			);
			path = "Destroy The World";
			sourceTree = "<group>";
		};
/* End PBXGroup section */

/* Begin PBXNativeTarget section */
		F88602961E41997300F5F39C /* Destroy The World */ = {
			isa = PBXNativeTarget;
			buildConfigurationList = F88602A91E41997300F5F39C /* Build configuration list for PBXNativeTarget "Destroy The World" */;
			buildPhases = (
				F88602931E41997300F5F39C /* Sources */,
				F88602941E41997300F5F39C /* Frameworks */,
				F88602951E41997300F5F39C /* Resources */,
			);
			buildRules = (
			);
			dependencies = (
			);
			name = "Destroy The World";
			productName = "Destroy The World";
			productReference = F88602971E41997300F5F39C /* Destroy The World.app */;
			productType = "com.apple.product-type.application";
		};
/* End PBXNativeTarget section */

/* Begin PBXProject section */
		F886028F1E41997300F5F39C /* Project object */ = {
			isa = PBXProject;
			attributes = {
				LastSwiftUpdateCheck = 0820;
				LastUpgradeCheck = 0820;
				ORGANIZATIONNAME = "Darryl Leary";
				TargetAttributes = {
					F88602961E41997300F5F39C = {
						CreatedOnToolsVersion = 8.2.1;
						ProvisioningStyle = Automatic;
					};
				};
			};
			buildConfigurationList = F88602921E41997300F5F39C /* Build configuration list for PBXProject "Destroy The World" */;
			compatibilityVersion = "Xcode 3.2";
			developmentRegion = English;
			hasScannedForEncodings = 0;
			knownRegions = (
				en,
				Base,
			);
			mainGroup = F886028E1E41997300F5F39C;
			productRefGroup = F88602981E41997300F5F39C /* Products */;
			projectDirPath = "";
			projectRoot = "";
			targets = (
				F88602961E41997300F5F39C /* Destroy The World */,
			);
		};
/* End PBXProject section */

/* Begin PBXResourcesBuildPhase section */
		F88602951E41997300F5F39C /* Resources */ = {
			isa = PBXResourcesBuildPhase;
			buildActionMask = 2147483647;
			files = (
				F88602A51E41997300F5F39C /* LaunchScreen.storyboard in Resources */,
				F88602A21E41997300F5F39C /* Assets.xcassets in Resources */,
				F88602A01E41997300F5F39C /* Main.storyboard in Resources */,
			);
			runOnlyForDeploymentPostprocessing = 0;
		};
/* End PBXResourcesBuildPhase section */

/* Begin PBXSourcesBuildPhase section */
		F88602931E41997300F5F39C /* Sources */ = {
			isa = PBXSourcesBuildPhase;
			buildActionMask = 2147483647;
			files = (
				F886029D1E41997300F5F39C /* ViewController.swift in Sources */,
				F886029B1E41997300F5F39C /* AppDelegate.swift in Sources */,
			);
			runOnlyForDeploymentPostprocessing = 0;
		};
/* End PBXSourcesBuildPhase section */

/* Begin PBXVariantGroup section */
		F886029E1E41997300F5F39C /* Main.storyboard */ = {
			isa = PBXVariantGroup;
			children = (
				F886029F1E41997300F5F39C /* Base */,
			);
			name = Main.storyboard;
			sourceTree = "<group>";
		};
		F88602A31E41997300F5F39C /* LaunchScreen.storyboard */ = {
			isa = PBXVariantGroup;
			children = (
				F88602A41E41997300F5F39C /* Base */,
			);
			name = LaunchScreen.storyboard;
			sourceTree = "<group>";
		};
/* End PBXVariantGroup section */

/* Begin XCBuildConfiguration section */
		F88602A71E41997300F5F39C /* Debug */ = {
			isa = XCBuildConfiguration;
			buildSettings = {
				ALWAYS_SEARCH_USER_PATHS = NO;
				CLANG_ANALYZER_NONNULL = YES;
				CLANG_CXX_LANGUAGE_STANDARD = "gnu++0x";
				CLANG_CXX_LIBRARY = "libc++";
				CLANG_ENABLE_MODULES = YES;
				CLANG_ENABLE_OBJC_ARC = YES;
				CLANG_WARN_BOOL_CONVERSION = YES;
				CLANG_WARN_CONSTANT_CONVERSION = YES;
				CLANG_WARN_DIRECT_OBJC_ISA_USAGE = YES_ERROR;
				CLANG_WARN_DOCUMENTATION_COMMENTS = YES;
				CLANG_WARN_EMPTY_BODY = YES;
				CLANG_WARN_ENUM_CONVERSION = YES;
				CLANG_WARN_INFINITE_RECURSION = YES;
				CLANG_WARN_INT_CONVERSION = YES;
				CLANG_WARN_OBJC_ROOT_CLASS = YES_ERROR;
				CLANG_WARN_SUSPICIOUS_MOVE = YES;
				CLANG_WARN_UNREACHABLE_CODE = YES;
				CLANG_WARN__DUPLICATE_METHOD_MATCH = YES;
				"CODE_SIGN_IDENTITY[sdk=iphoneos*]" = "iPhone Developer";
				COPY_PHASE_STRIP = NO;
				DEBUG_INFORMATION_FORMAT = dwarf;
				ENABLE_STRICT_OBJC_MSGSEND = YES;
				ENABLE_TESTABILITY = YES;
				GCC_C_LANGUAGE_STANDARD = gnu99;
				GCC_DYNAMIC_NO_PIC = NO;
				GCC_NO_COMMON_BLOCKS = YES;
				GCC_OPTIMIZATION_LEVEL = 0;
				GCC_PREPROCESSOR_DEFINITIONS = (
					"DEBUG=1",
					"$(inherited)",
				);
				GCC_WARN_64_TO_32_BIT_CONVERSION = YES;
				GCC_WARN_ABOUT_RETURN_TYPE = YES_ERROR;
				GCC_WARN_UNDECLARED_SELECTOR = YES;
				GCC_WARN_UNINITIALIZED_AUTOS = YES_AGGRESSIVE;
				GCC_WARN_UNUSED_FUNCTION = YES;
				GCC_WARN_UNUSED_VARIABLE = YES;
				IPHONEOS_DEPLOYMENT_TARGET = 10.2;
				MTL_ENABLE_DEBUG_INFO = YES;
				ONLY_ACTIVE_ARCH = YES;
				SDKROOT = iphoneos;
				SWIFT_ACTIVE_COMPILATION_CONDITIONS = DEBUG;
				SWIFT_OPTIMIZATION_LEVEL = "-Onone";
				TARGETED_DEVICE_FAMILY = "1,2";
			};
			name = Debug;
		};
		F88602A81E41997300F5F39C /* Release */ = {
			isa = XCBuildConfiguration;
			buildSettings = {
				ALWAYS_SEARCH_USER_PATHS = NO;
				CLANG_ANALYZER_NONNULL = YES;
				CLANG_CXX_LANGUAGE_STANDARD = "gnu++0x";
				CLANG_CXX_LIBRARY = "libc++";
				CLANG_ENABLE_MODULES = YES;
				CLANG_ENABLE_OBJC_ARC = YES;
				CLANG_WARN_BOOL_CONVERSION = YES;
				CLANG_WARN_CONSTANT_CONVERSION = YES;
				CLANG_WARN_DIRECT_OBJC_ISA_USAGE = YES_ERROR;
				CLANG_WARN_DOCUMENTATION_COMMENTS = YES;
				CLANG_WARN_EMPTY_BODY = YES;
				CLANG_WARN_ENUM_CONVERSION = YES;
				CLANG_WARN_INFINITE_RECURSION = YES;
				CLANG_WARN_INT_CONVERSION = YES;
				CLANG_WARN_OBJC_ROOT_CLASS = YES_ERROR;
				CLANG_WARN_SUSPICIOUS_MOVE = YES;
				CLANG_WARN_UNREACHABLE_CODE = YES;
				CLANG_WARN__DUPLICATE_METHOD_MATCH = YES;
				"CODE_SIGN_IDENTITY[sdk=iphoneos*]" = "iPhone Developer";
				COPY_PHASE_STRIP = NO;
				DEBUG_INFORMATION_FORMAT = "dwarf-with-dsym";
				ENABLE_NS_ASSERTIONS = NO;
				ENABLE_STRICT_OBJC_MSGSEND = YES;
				GCC_C_LANGUAGE_STANDARD = gnu99;
				GCC_NO_COMMON_BLOCKS = YES;
				GCC_WARN_64_TO_32_BIT_CONVERSION = YES;
				GCC_WARN_ABOUT_RETURN_TYPE = YES_ERROR;
				GCC_WARN_UNDECLARED_SELECTOR = YES;
				GCC_WARN_UNINITIALIZED_AUTOS = YES_AGGRESSIVE;
				GCC_WARN_UNUSED_FUNCTION = YES;
				GCC_WARN_UNUSED_VARIABLE = YES;
				IPHONEOS_DEPLOYMENT_TARGET = 10.2;
				MTL_ENABLE_DEBUG_INFO = NO;
				SDKROOT = iphoneos;
				SWIFT_OPTIMIZATION_LEVEL = "-Owholemodule";
				TARGETED_DEVICE_FAMILY = "1,2";
				VALIDATE_PRODUCT = YES;
			};
			name = Release;
		};
		F88602AA1E41997300F5F39C /* Debug */ = {
			isa = XCBuildConfiguration;
			buildSettings = {
				ASSETCATALOG_COMPILER_APPICON_NAME = AppIcon;
				INFOPLIST_FILE = "Destroy The World/Info.plist";
				LD_RUNPATH_SEARCH_PATHS = "$(inherited) @executable_path/Frameworks";
				PRODUCT_BUNDLE_IDENTIFIER = "Darryl-Leary.Destroy-The-World";
				PRODUCT_NAME = "$(TARGET_NAME)";
				SWIFT_VERSION = 3.0;
			};
			name = Debug;
		};
		F88602AB1E41997300F5F39C /* Release */ = {
			isa = XCBuildConfiguration;
			buildSettings = {
				ASSETCATALOG_COMPILER_APPICON_NAME = AppIcon;
				INFOPLIST_FILE = "Destroy The World/Info.plist";
				LD_RUNPATH_SEARCH_PATHS = "$(inherited) @executable_path/Frameworks";
				PRODUCT_BUNDLE_IDENTIFIER = "Darryl-Leary.Destroy-The-World";
				PRODUCT_NAME = "$(TARGET_NAME)";
				SWIFT_VERSION = 3.0;
			};
			name = Release;
		};
/* End XCBuildConfiguration section */

/* Begin XCConfigurationList section */
		F88602921E41997300F5F39C /* Build configuration list for PBXProject "Destroy The World" */ = {
			isa = XCConfigurationList;
			buildConfigurations = (
				F88602A71E41997300F5F39C /* Debug */,
				F88602A81E41997300F5F39C /* Release */,
			);
			defaultConfigurationIsVisible = 0;
			defaultConfigurationName = Release;
		};
		F88602A91E41997300F5F39C /* Build configuration list for PBXNativeTarget "Destroy The World" */ = {
			isa = XCConfigurationList;
			buildConfigurations = (
				F88602AA1E41997300F5F39C /* Debug */,
				F88602AB1E41997300F5F39C /* Release */,
			);
			defaultConfigurationIsVisible = 0;
		};
/* End XCConfigurationList section */
	};
	rootObject = F886028F1E41997300F5F39C /* Project object */;
}
